# THIS IS AN AUTOGENERATED FILE. DO NOT EDIT THIS FILE DIRECTLY.
# yarn lockfile v1


"@babel/parser@^7.16.4":
  version "7.20.5"
  resolved "http://registry.npm.wps.cn/@babel/parser/download/@babel/parser-7.20.5.tgz"
  integrity sha1-fzxzNf5BdmXZKfNK5dzq5MBAFeg=

"@codemirror/autocomplete@^6.0.0":
  version "6.3.4"
  resolved "http://registry.npm.wps.cn/@codemirror/autocomplete/download/@codemirror/autocomplete-6.3.4.tgz#dd22f0a0220718e1f6e3b48319649859b6c929b6"
  integrity sha1-3SLwoCIHGOH247SDGWSYWbbJKbY=
  dependencies:
    "@codemirror/language" "^6.0.0"
    "@codemirror/state" "^6.0.0"
    "@codemirror/view" "^6.6.0"
    "@lezer/common" "^1.0.0"

"@codemirror/commands@6.x", "@codemirror/commands@^6.0.0":
  version "6.1.2"
  resolved "http://registry.npm.wps.cn/@codemirror/commands/download/@codemirror/commands-6.1.2.tgz#84fb7d170047c3aeb7b0047ace59510bb19208de"
  integrity sha1-hPt9FwBHw663sAR6zllRC7GSCN4=
  dependencies:
    "@codemirror/language" "^6.0.0"
    "@codemirror/state" "^6.0.0"
    "@codemirror/view" "^6.0.0"
    "@lezer/common" "^1.0.0"

"@codemirror/language@6.x", "@codemirror/language@^6.0.0":
  version "6.3.1"
  resolved "http://registry.npm.wps.cn/@codemirror/language/download/@codemirror/language-6.3.1.tgz#1d61f33aa5de9aa74a713ee1f5ce600adc74df6b"
  integrity sha1-HWHzOqXemqdKcT7h9c5gCtx032s=
  dependencies:
    "@codemirror/state" "^6.0.0"
    "@codemirror/view" "^6.0.0"
    "@lezer/common" "^1.0.0"
    "@lezer/highlight" "^1.0.0"
    "@lezer/lr" "^1.0.0"
    style-mod "^4.0.0"

"@codemirror/lint@^6.0.0":
  version "6.1.0"
  resolved "http://registry.npm.wps.cn/@codemirror/lint/download/@codemirror/lint-6.1.0.tgz#f006142d3a580fdb8ffc2faa3361b2232c08e079"
  integrity sha1-8AYULTpYD9uP/C+qM2GyIywI4Hk=
  dependencies:
    "@codemirror/state" "^6.0.0"
    "@codemirror/view" "^6.0.0"
    crelt "^1.0.5"

"@codemirror/search@^6.0.0":
  version "6.2.3"
  resolved "http://registry.npm.wps.cn/@codemirror/search/download/@codemirror/search-6.2.3.tgz#fab933fef1b1de8ef40cda275c73d9ac7a1ff40f"
  integrity sha1-+rkz/vGx3o70DNonXHPZrHof9A8=
  dependencies:
    "@codemirror/state" "^6.0.0"
    "@codemirror/view" "^6.0.0"
    crelt "^1.0.5"

"@codemirror/state@6.x", "@codemirror/state@^6.0.0", "@codemirror/state@^6.1.4":
  version "6.1.4"
  resolved "http://registry.npm.wps.cn/@codemirror/state/download/@codemirror/state-6.1.4.tgz#2b654ae233ac4f41ee89ce095509ea35ecdf1031"
  integrity sha1-K2VK4jOsT0Huic4JVQnqNezfEDE=

"@codemirror/view@6.x", "@codemirror/view@^6.0.0", "@codemirror/view@^6.6.0":
  version "6.6.0"
  resolved "http://registry.npm.wps.cn/@codemirror/view/download/@codemirror/view-6.6.0.tgz#d89a24912ae2f4b9d7bd430c7804c25c5e32838c"
  integrity sha1-2JokkSri9LnXvUMMeATCXF4yg4w=
  dependencies:
    "@codemirror/state" "^6.1.4"
    style-mod "^4.0.0"
    w3c-keyname "^2.2.4"

"@esbuild/android-arm@0.15.16":
  version "0.15.16"
  resolved "http://registry.npm.wps.cn/@esbuild/android-arm/download/@esbuild/android-arm-0.15.16.tgz#0642926178b15e3d1545efae6eee05c4f3451d15"
  integrity sha1-BkKSYXixXj0VRe+ubu4FxPNFHRU=

"@esbuild/linux-loong64@0.15.16":
  version "0.15.16"
  resolved "http://registry.npm.wps.cn/@esbuild/linux-loong64/download/@esbuild/linux-loong64-0.15.16.tgz#284522de76abe951e4ed2bd24a467e8d49c67933"
  integrity sha1-KEUi3nar6VHk7SvSSkZ+jUnGeTM=

"@lezer/common@^1.0.0":
  version "1.0.2"
  resolved "http://registry.npm.wps.cn/@lezer/common/download/@lezer/common-1.0.2.tgz#8fb9b86bdaa2ece57e7d59e5ffbcb37d71815087"
  integrity sha1-j7m4a9qi7OV+fVnl/7yzfXGBUIc=

"@lezer/highlight@^1.0.0":
  version "1.1.3"
  resolved "http://registry.npm.wps.cn/@lezer/highlight/download/@lezer/highlight-1.1.3.tgz#bf5a36c2ee227f526d74997ac91f7777e29bd25d"
  integrity sha1-v1o2wu4if1JtdJl6yR93d+Kb0l0=
  dependencies:
    "@lezer/common" "^1.0.0"

"@lezer/lr@^1.0.0":
  version "1.2.5"
  resolved "http://registry.npm.wps.cn/@lezer/lr/download/@lezer/lr-1.2.5.tgz#e9088164a711690596f17378665e0554157c9b03"
  integrity sha1-6QiBZKcRaQWW8XN4Zl4FVBV8mwM=
  dependencies:
    "@lezer/common" "^1.0.0"

"@vitejs/plugin-vue@^3.2.0":
  version "3.2.0"
  resolved "http://registry.npm.wps.cn/@vitejs/plugin-vue/download/@vitejs/plugin-vue-3.2.0.tgz"
  integrity sha1-oUhAid2F1lKPQ1dD+EzdDSFbu1Q=

"@volar/language-core@1.0.9":
  version "1.0.9"
  resolved "http://registry.npm.wps.cn/@volar/language-core/download/@volar/language-core-1.0.9.tgz"
  integrity sha1-0SRWspTR5bOSiyLlIUyOcUHuLOE=
  dependencies:
    "@volar/source-map" "1.0.9"
    "@vue/reactivity" "^3.2.40"
    muggle-string "^0.1.0"

"@volar/source-map@1.0.9":
  version "1.0.9"
  resolved "http://registry.npm.wps.cn/@volar/source-map/download/@volar/source-map-1.0.9.tgz"
  integrity sha1-AKqVHT1/m4QvhOKKsqGDGrO1uVo=
  dependencies:
    muggle-string "^0.1.0"

"@volar/typescript@1.0.9":
  version "1.0.9"
  resolved "http://registry.npm.wps.cn/@volar/typescript/download/@volar/typescript-1.0.9.tgz"
  integrity sha1-nAqLXXnAoDQTdVSZ0hHByAAawMw=
  dependencies:
    "@volar/language-core" "1.0.9"

"@volar/vue-language-core@1.0.9":
  version "1.0.9"
  resolved "http://registry.npm.wps.cn/@volar/vue-language-core/download/@volar/vue-language-core-1.0.9.tgz"
  integrity sha1-nrfDBlLIDyEPygca7up5SHODXto=
  dependencies:
    "@volar/language-core" "1.0.9"
    "@volar/source-map" "1.0.9"
    "@vue/compiler-dom" "^3.2.40"
    "@vue/compiler-sfc" "^3.2.40"
    "@vue/reactivity" "^3.2.40"
    "@vue/shared" "^3.2.40"
    minimatch "^5.1.0"
    vue-template-compiler "^2.7.10"

"@volar/vue-typescript@1.0.9":
  version "1.0.9"
  resolved "http://registry.npm.wps.cn/@volar/vue-typescript/download/@volar/vue-typescript-1.0.9.tgz"
  integrity sha1-R65EJCg+xCwLMyGk771MUF3j/hY=
  dependencies:
    "@volar/typescript" "1.0.9"
    "@volar/vue-language-core" "1.0.9"

"@vue/compiler-core@3.2.45":
  version "3.2.45"
  resolved "http://registry.npm.wps.cn/@vue/compiler-core/download/@vue/compiler-core-3.2.45.tgz"
  integrity sha1-2TESB9lvbr1fRmC+Ep+5nwHdtBs=
  dependencies:
    "@babel/parser" "^7.16.4"
    "@vue/shared" "3.2.45"
    estree-walker "^2.0.2"
    source-map "^0.6.1"

"@vue/compiler-dom@3.2.45", "@vue/compiler-dom@^3.2.40":
  version "3.2.45"
  resolved "http://registry.npm.wps.cn/@vue/compiler-dom/download/@vue/compiler-dom-3.2.45.tgz"
  integrity sha1-xDzBXlDaYuzBakLyYi0l3F/Zfc4=
  dependencies:
    "@vue/compiler-core" "3.2.45"
    "@vue/shared" "3.2.45"

"@vue/compiler-sfc@3.2.45", "@vue/compiler-sfc@^3.2.40":
  version "3.2.45"
  resolved "http://registry.npm.wps.cn/@vue/compiler-sfc/download/@vue/compiler-sfc-3.2.45.tgz"
  integrity sha1-f3mJzATsnnxVrNQGgnosTpaHLHA=
  dependencies:
    "@babel/parser" "^7.16.4"
    "@vue/compiler-core" "3.2.45"
    "@vue/compiler-dom" "3.2.45"
    "@vue/compiler-ssr" "3.2.45"
    "@vue/reactivity-transform" "3.2.45"
    "@vue/shared" "3.2.45"
    estree-walker "^2.0.2"
    magic-string "^0.25.7"
    postcss "^8.1.10"
    source-map "^0.6.1"

"@vue/compiler-ssr@3.2.45":
  version "3.2.45"
  resolved "http://registry.npm.wps.cn/@vue/compiler-ssr/download/@vue/compiler-ssr-3.2.45.tgz"
  integrity sha1-vSBgS25k6hU0TVtieMQUEZHJg7I=
  dependencies:
    "@vue/compiler-dom" "3.2.45"
    "@vue/shared" "3.2.45"

"@vue/reactivity-transform@3.2.45":
  version "3.2.45"
  resolved "http://registry.npm.wps.cn/@vue/reactivity-transform/download/@vue/reactivity-transform-3.2.45.tgz"
  integrity sha1-B6yDuBOFUMg9+1DbQ83h4OXoEk0=
  dependencies:
    "@babel/parser" "^7.16.4"
    "@vue/compiler-core" "3.2.45"
    "@vue/shared" "3.2.45"
    estree-walker "^2.0.2"
    magic-string "^0.25.7"

"@vue/reactivity@3.2.45", "@vue/reactivity@^3.2.40":
  version "3.2.45"
  resolved "http://registry.npm.wps.cn/@vue/reactivity/download/@vue/reactivity-3.2.45.tgz"
  integrity sha1-QSpFtXTeYBvlpKXZqMvU3uRmL/A=
  dependencies:
    "@vue/shared" "3.2.45"

"@vue/runtime-core@3.2.45":
  version "3.2.45"
  resolved "http://registry.npm.wps.cn/@vue/runtime-core/download/@vue/runtime-core-3.2.45.tgz"
  integrity sha1-etfvmyUZ1BBiowxvoAHsQ6xUnH8=
  dependencies:
    "@vue/reactivity" "3.2.45"
    "@vue/shared" "3.2.45"

"@vue/runtime-dom@3.2.45":
  version "3.2.45"
  resolved "http://registry.npm.wps.cn/@vue/runtime-dom/download/@vue/runtime-dom-3.2.45.tgz"
  integrity sha1-Gi727irYdiBvu+KohFVLui0Pr1k=
  dependencies:
    "@vue/runtime-core" "3.2.45"
    "@vue/shared" "3.2.45"
    csstype "^2.6.8"

"@vue/server-renderer@3.2.45":
  version "3.2.45"
  resolved "http://registry.npm.wps.cn/@vue/server-renderer/download/@vue/server-renderer-3.2.45.tgz"
  integrity sha1-ypMGoMErBTCholDkT0oKusa4Hz8=
  dependencies:
    "@vue/compiler-ssr" "3.2.45"
    "@vue/shared" "3.2.45"

"@vue/shared@3.2.45", "@vue/shared@^3.2.40":
  version "3.2.45"
  resolved "http://registry.npm.wps.cn/@vue/shared/download/@vue/shared-3.2.45.tgz"
  integrity sha1-o//6dInq//ONmE4j0CNuIwyBi8I=

balanced-match@^1.0.0:
  version "1.0.2"
  resolved "http://registry.npm.wps.cn/balanced-match/download/balanced-match-1.0.2.tgz"
  integrity sha1-6D46fj8wCzTLnYf2FfoMvzV2kO4=

brace-expansion@^2.0.1:
  version "2.0.1"
  resolved "http://registry.npm.wps.cn/brace-expansion/download/brace-expansion-2.0.1.tgz"
  integrity sha1-HtxFng8MVISG7Pn8mfIiE2S5oK4=
  dependencies:
    balanced-match "^1.0.0"

codemirror@^6.0.1:
  version "6.0.1"
  resolved "http://registry.npm.wps.cn/codemirror/download/codemirror-6.0.1.tgz#62b91142d45904547ee3e0e0e4c1a79158035a29"
  integrity sha1-YrkRQtRZBFR+4+Dg5MGnkVgDWik=
  dependencies:
    "@codemirror/autocomplete" "^6.0.0"
    "@codemirror/commands" "^6.0.0"
    "@codemirror/language" "^6.0.0"
    "@codemirror/lint" "^6.0.0"
    "@codemirror/search" "^6.0.0"
    "@codemirror/state" "^6.0.0"
    "@codemirror/view" "^6.0.0"

copy-anything@^2.0.1:
  version "2.0.6"
  resolved "http://registry.npm.wps.cn/copy-anything/download/copy-anything-2.0.6.tgz"
  integrity sha1-CSRU6pWEp7etVXMGKyqH9ZAPxIA=
  dependencies:
    is-what "^3.14.1"

crelt@^1.0.5:
  version "1.0.5"
  resolved "http://registry.npm.wps.cn/crelt/download/crelt-1.0.5.tgz#57c0d52af8c859e354bace1883eb2e1eb182bb94"
  integrity sha1-V8DVKvjIWeNUus4Yg+suHrGCu5Q=

csstype@^2.6.8:
  version "2.6.21"
  resolved "http://registry.npm.wps.cn/csstype/download/csstype-2.6.21.tgz"
  integrity sha1-LvuFt8xVyAAXxmpa18vZMf2jqQ4=

de-indent@^1.0.2:
  version "1.0.2"
  resolved "http://registry.npm.wps.cn/de-indent/download/de-indent-1.0.2.tgz"
  integrity sha1-sgOOhG3DO6pXlhKNCAS0VbjB4h0=

debug@^3.2.6:
  version "3.2.7"
  resolved "http://registry.npm.wps.cn/debug/download/debug-3.2.7.tgz"
  integrity sha1-clgLfpFF+zm2Z2+cXl+xALk0F5o=
  dependencies:
    ms "^2.1.1"

errno@^0.1.1:
  version "0.1.8"
  resolved "http://registry.npm.wps.cn/errno/download/errno-0.1.8.tgz"
  integrity sha1-i7Ppx9Rjvkl2/4iPdrSAnrwugR8=
  dependencies:
    prr "~1.0.1"

esbuild-android-64@0.15.16:
  version "0.15.16"
  resolved "http://registry.npm.wps.cn/esbuild-android-64/download/esbuild-android-64-0.15.16.tgz#0d6a16fa1bea441d5183976f1633183c25a764d5"
  integrity sha1-DWoW+hvqRB1Rg5dvFjMYPCWnZNU=

esbuild-android-arm64@0.15.16:
  version "0.15.16"
  resolved "http://registry.npm.wps.cn/esbuild-android-arm64/download/esbuild-android-arm64-0.15.16.tgz#78643bbbf396d26d20ba1f2fcdff3618c7c033e9"
  integrity sha1-eGQ7u/OW0m0guh8vzf82GMfAM+k=

esbuild-darwin-64@0.15.16:
  version "0.15.16"
  resolved "http://registry.npm.wps.cn/esbuild-darwin-64/download/esbuild-darwin-64-0.15.16.tgz#de3e91809dcd1ffb64409e2f990bb86e33e4ffd8"
  integrity sha1-3j6RgJ3NH/tkQJ4vmQu4bjPk/9g=

esbuild-darwin-arm64@0.15.16:
  version "0.15.16"
  resolved "http://registry.npm.wps.cn/esbuild-darwin-arm64/download/esbuild-darwin-arm64-0.15.16.tgz#bc9cc8d51109d8e9db4ffe2c064dd53d1eb5a2a6"
  integrity sha1-vJzI1REJ2OnbT/4sBk3VPR61oqY=

esbuild-freebsd-64@0.15.16:
  version "0.15.16"
  resolved "http://registry.npm.wps.cn/esbuild-freebsd-64/download/esbuild-freebsd-64-0.15.16.tgz#f8c54c679c16e9b20a1bf860ca91ba700d6c9c5d"
  integrity sha1-+MVMZ5wW6bIKG/hgypG6cA1snF0=

esbuild-freebsd-arm64@0.15.16:
  version "0.15.16"
  resolved "http://registry.npm.wps.cn/esbuild-freebsd-arm64/download/esbuild-freebsd-arm64-0.15.16.tgz#dd28a55df0f062e2c1628266008434c32ddc7adf"
  integrity sha1-3SilXfDwYuLBYoJmAIQ0wy3cet8=

esbuild-linux-32@0.15.16:
  version "0.15.16"
  resolved "http://registry.npm.wps.cn/esbuild-linux-32/download/esbuild-linux-32-0.15.16.tgz#41eb0b9b49b3430b9cc4577f1ad3d414ef70f806"
  integrity sha1-QesLm0mzQwucxFd/GtPUFO9w+AY=

esbuild-linux-64@0.15.16:
  version "0.15.16"
  resolved "http://registry.npm.wps.cn/esbuild-linux-64/download/esbuild-linux-64-0.15.16.tgz#b2fb0c7d49b7a579b2de26fbf4c7afb1835f2073"
  integrity sha1-svsMfUm3pXmy3ib79MevsYNfIHM=

esbuild-linux-arm64@0.15.16:
  version "0.15.16"
  resolved "http://registry.npm.wps.cn/esbuild-linux-arm64/download/esbuild-linux-arm64-0.15.16.tgz#78fed3745b20251fc3bdc8db35ea0781e9b0e7c6"
  integrity sha1-eP7TdFsgJR/DvcjbNeoHgemw58Y=

esbuild-linux-arm@0.15.16:
  version "0.15.16"
  resolved "http://registry.npm.wps.cn/esbuild-linux-arm/download/esbuild-linux-arm-0.15.16.tgz#6963f061a2b778aad7df2bfb6fa32d1904313f7f"
  integrity sha1-aWPwYaK3eKrX3yv7b6MtGQQxP38=

esbuild-linux-mips64le@0.15.16:
  version "0.15.16"
  resolved "http://registry.npm.wps.cn/esbuild-linux-mips64le/download/esbuild-linux-mips64le-0.15.16.tgz#e2aed3527e551f8182c6b0fc8a045726fd98ad87"
  integrity sha1-4q7TUn5VH4GCxrD8igRXJv2YrYc=

esbuild-linux-ppc64le@0.15.16:
  version "0.15.16"
  resolved "http://registry.npm.wps.cn/esbuild-linux-ppc64le/download/esbuild-linux-ppc64le-0.15.16.tgz#fa3095b24950f63408f46f34b6d9a073ed88d53f"
  integrity sha1-+jCVsklQ9jQI9G80ttmgc+2I1T8=

esbuild-linux-riscv64@0.15.16:
  version "0.15.16"
  resolved "http://registry.npm.wps.cn/esbuild-linux-riscv64/download/esbuild-linux-riscv64-0.15.16.tgz#19c012dcc55c9d6d2a3855aa77c2c5217182cd1e"
  integrity sha1-GcAS3MVcnW0qOFWqd8LFIXGCzR4=

esbuild-linux-s390x@0.15.16:
  version "0.15.16"
  resolved "http://registry.npm.wps.cn/esbuild-linux-s390x/download/esbuild-linux-s390x-0.15.16.tgz#aa61f64740e5b983cc3ebb4183a03df4b435a873"
  integrity sha1-qmH2R0DluYPMPrtBg6A99LQ1qHM=

esbuild-netbsd-64@0.15.16:
  version "0.15.16"
  resolved "http://registry.npm.wps.cn/esbuild-netbsd-64/download/esbuild-netbsd-64-0.15.16.tgz#dffdc104c1f2bafc42be3faa21376c0a092f5702"
  integrity sha1-3/3BBMHyuvxCvj+qITdsCgkvVwI=

esbuild-openbsd-64@0.15.16:
  version "0.15.16"
  resolved "http://registry.npm.wps.cn/esbuild-openbsd-64/download/esbuild-openbsd-64-0.15.16.tgz#e5987f8eda55ea5f6ef6258afb1a838158f890bb"
  integrity sha1-5Zh/jtpV6l9u9iWK+xqDgVj4kLs=

esbuild-sunos-64@0.15.16:
  version "0.15.16"
  resolved "http://registry.npm.wps.cn/esbuild-sunos-64/download/esbuild-sunos-64-0.15.16.tgz#60a085aa4b74d900e4de8c00a9fce207937320a2"
  integrity sha1-YKCFqkt02QDk3owAqfziB5NzIKI=

esbuild-windows-32@0.15.16:
  version "0.15.16"
  resolved "http://registry.npm.wps.cn/esbuild-windows-32/download/esbuild-windows-32-0.15.16.tgz#24f94e5fb243d211c7db9a12985fd2880ba98ca3"
  integrity sha1-JPlOX7JD0hHH25oSmF/SiAupjKM=

esbuild-windows-64@0.15.16:
  version "0.15.16"
  resolved "http://registry.npm.wps.cn/esbuild-windows-64/download/esbuild-windows-64-0.15.16.tgz"
  integrity sha1-cdJNaNi2Ur9ak6bHRTwzRYT6IhE=

esbuild-windows-arm64@0.15.16:
  version "0.15.16"
  resolved "http://registry.npm.wps.cn/esbuild-windows-arm64/download/esbuild-windows-arm64-0.15.16.tgz#77e804d60dec0390fe8f21401e39b435d5d1b863"
  integrity sha1-d+gE1g3sA5D+jyFAHjm0NdXRuGM=

esbuild@^0.15.9:
  version "0.15.16"
  resolved "http://registry.npm.wps.cn/esbuild/download/esbuild-0.15.16.tgz"
  integrity sha1-WTJOVmeYW/au6KkepXa672hyzyE=
  optionalDependencies:
    "@esbuild/android-arm" "0.15.16"
    "@esbuild/linux-loong64" "0.15.16"
    esbuild-android-64 "0.15.16"
    esbuild-android-arm64 "0.15.16"
    esbuild-darwin-64 "0.15.16"
    esbuild-darwin-arm64 "0.15.16"
    esbuild-freebsd-64 "0.15.16"
    esbuild-freebsd-arm64 "0.15.16"
    esbuild-linux-32 "0.15.16"
    esbuild-linux-64 "0.15.16"
    esbuild-linux-arm "0.15.16"
    esbuild-linux-arm64 "0.15.16"
    esbuild-linux-mips64le "0.15.16"
    esbuild-linux-ppc64le "0.15.16"
    esbuild-linux-riscv64 "0.15.16"
    esbuild-linux-s390x "0.15.16"
    esbuild-netbsd-64 "0.15.16"
    esbuild-openbsd-64 "0.15.16"
    esbuild-sunos-64 "0.15.16"
    esbuild-windows-32 "0.15.16"
    esbuild-windows-64 "0.15.16"
    esbuild-windows-arm64 "0.15.16"

estree-walker@^2.0.2:
  version "2.0.2"
  resolved "http://registry.npm.wps.cn/estree-walker/download/estree-walker-2.0.2.tgz"
  integrity sha1-UvAQF4wqTBF6d1fP6UKtt9LaTKw=

fsevents@~2.3.2:
  version "2.3.2"
  resolved "http://registry.npm.wps.cn/fsevents/download/fsevents-2.3.2.tgz#8a526f78b8fdf4623b709e0b975c52c24c02fd1a"
  integrity sha1-ilJveLj99GI7cJ4Ll1xSwkwC/Ro=

function-bind@^1.1.1:
  version "1.1.1"
  resolved "http://registry.npm.wps.cn/function-bind/download/function-bind-1.1.1.tgz"
  integrity sha1-pWiZ0+o8m6uHS7l3O3xe3pL0iV0=

graceful-fs@^4.1.2:
  version "4.2.10"
  resolved "http://registry.npm.wps.cn/graceful-fs/download/graceful-fs-4.2.10.tgz"
  integrity sha1-FH06AG2kyjzhRyjHrvwofDZ9emw=

has@^1.0.3:
  version "1.0.3"
  resolved "http://registry.npm.wps.cn/has/download/has-1.0.3.tgz"
  integrity sha1-ci18v8H2qoJB8W3YFOAR4fQeh5Y=
  dependencies:
    function-bind "^1.1.1"

he@^1.2.0:
  version "1.2.0"
  resolved "http://registry.npm.wps.cn/he/download/he-1.2.0.tgz"
  integrity sha1-hK5l+n6vsWX922FWauFLrwVmTw8=

iconv-lite@^0.6.3:
  version "0.6.3"
  resolved "http://registry.npm.wps.cn/iconv-lite/download/iconv-lite-0.6.3.tgz"
  integrity sha1-pS+AvzjaGVLrXGgXkHGYcaGnJQE=
  dependencies:
    safer-buffer ">= 2.1.2 < 3.0.0"

image-size@~0.5.0:
  version "0.5.5"
  resolved "http://registry.npm.wps.cn/image-size/download/image-size-0.5.5.tgz"
  integrity sha1-Cd/Uq50g4p6xw+gLiZA3jfnjy5w=

is-core-module@^2.9.0:
  version "2.11.0"
  resolved "http://registry.npm.wps.cn/is-core-module/download/is-core-module-2.11.0.tgz"
  integrity sha1-rUyz44Y+gUUjyW8/WNJsxXD/AUQ=
  dependencies:
    has "^1.0.3"

is-what@^3.14.1:
  version "3.14.1"
  resolved "http://registry.npm.wps.cn/is-what/download/is-what-3.14.1.tgz"
  integrity sha1-4SIvRt3ahd6tD9HJ3xMXYOd3VcE=

less@^4.1.3:
  version "4.1.3"
  resolved "http://registry.npm.wps.cn/less/download/less-4.1.3.tgz"
  integrity sha1-F1vp3cv5slAXPgoAtNaSClt3AkY=
  dependencies:
    copy-anything "^2.0.1"
    parse-node-version "^1.0.1"
    tslib "^2.3.0"
  optionalDependencies:
    errno "^0.1.1"
    graceful-fs "^4.1.2"
    image-size "~0.5.0"
    make-dir "^2.1.0"
    mime "^1.4.1"
    needle "^3.1.0"
    source-map "~0.6.0"

magic-string@^0.25.7:
  version "0.25.9"
  resolved "http://registry.npm.wps.cn/magic-string/download/magic-string-0.25.9.tgz"
  integrity sha1-3n+fr5HvihyR0CwuUxTIJ3283Rw=
  dependencies:
    sourcemap-codec "^1.4.8"

make-dir@^2.1.0:
  version "2.1.0"
  resolved "http://registry.npm.wps.cn/make-dir/download/make-dir-2.1.0.tgz"
  integrity sha1-XwMQ4YuL6JjMBwCSlaMK5B6R5vU=
  dependencies:
    pify "^4.0.1"
    semver "^5.6.0"

mime@^1.4.1:
  version "1.6.0"
  resolved "http://registry.npm.wps.cn/mime/download/mime-1.6.0.tgz"
  integrity sha1-Ms2eXGRVO9WNGaVor0Uqz/BJgbE=

minimatch@^5.1.0:
  version "5.1.0"
  resolved "http://registry.npm.wps.cn/minimatch/download/minimatch-5.1.0.tgz"
  integrity sha1-Fxe0ZPSXGxRPaqvo8tC45FEeCcc=
  dependencies:
    brace-expansion "^2.0.1"

ms@^2.1.1:
  version "2.1.3"
  resolved "http://registry.npm.wps.cn/ms/download/ms-2.1.3.tgz"
  integrity sha1-V0yBOM4dK1hh8LRFedut1gxmFbI=

muggle-string@^0.1.0:
  version "0.1.0"
  resolved "http://registry.npm.wps.cn/muggle-string/download/muggle-string-0.1.0.tgz"
  integrity sha1-H9qKKByLJ7uLcEZtvJ8nWGqLqmw=

nanoid@^3.3.4:
  version "3.3.4"
  resolved "http://registry.npm.wps.cn/nanoid/download/nanoid-3.3.4.tgz"
  integrity sha1-cwtn480J4t6s8DwCfIHJ2dvF6Ks=

needle@^3.1.0:
  version "3.2.0"
  resolved "http://registry.npm.wps.cn/needle/download/needle-3.2.0.tgz"
  integrity sha1-B9JA68q/1lx2wDr65/be/mRp30Q=
  dependencies:
    debug "^3.2.6"
    iconv-lite "^0.6.3"
    sax "^1.2.4"

parse-node-version@^1.0.1:
  version "1.0.1"
  resolved "http://registry.npm.wps.cn/parse-node-version/download/parse-node-version-1.0.1.tgz"
  integrity sha1-4rXb7eAOf6m8NjYH9TMn6LBzGJs=

path-parse@^1.0.7:
  version "1.0.7"
  resolved "http://registry.npm.wps.cn/path-parse/download/path-parse-1.0.7.tgz"
  integrity sha1-+8EUtgykKzDZ2vWFjkvWi77bZzU=

picocolors@^1.0.0:
  version "1.0.0"
  resolved "http://registry.npm.wps.cn/picocolors/download/picocolors-1.0.0.tgz"
  integrity sha1-y1vcdP8/UYkiNur3nWi8RFZKuBw=

pify@^4.0.1:
  version "4.0.1"
  resolved "http://registry.npm.wps.cn/pify/download/pify-4.0.1.tgz"
  integrity sha1-SyzSXFDVmHNcUCkiJP2MbfQeMjE=

postcss@^8.1.10, postcss@^8.4.18:
  version "8.4.19"
  resolved "http://registry.npm.wps.cn/postcss/download/postcss-8.4.19.tgz"
  integrity sha1-YReOKt0jaxc1GJfIvMC0yOyrVvw=
  dependencies:
    nanoid "^3.3.4"
    picocolors "^1.0.0"
    source-map-js "^1.0.2"

prr@~1.0.1:
  version "1.0.1"
  resolved "http://registry.npm.wps.cn/prr/download/prr-1.0.1.tgz"
  integrity sha1-0/wRS6BplaRexok/SEzrHXj19HY=

resolve@^1.22.1:
  version "1.22.1"
  resolved "http://registry.npm.wps.cn/resolve/download/resolve-1.22.1.tgz"
  integrity sha1-J8suu1P5GrtJRwqSi7p1WAZqwXc=
  dependencies:
    is-core-module "^2.9.0"
    path-parse "^1.0.7"
    supports-preserve-symlinks-flag "^1.0.0"

rollup@^2.79.1:
  version "2.79.1"
  resolved "http://registry.npm.wps.cn/rollup/download/rollup-2.79.1.tgz"
  integrity sha1-vt7o+u98n5OiZHrAEIdI9Jfwgcc=
  optionalDependencies:
    fsevents "~2.3.2"

"safer-buffer@>= 2.1.2 < 3.0.0":
  version "2.1.2"
  resolved "http://registry.npm.wps.cn/safer-buffer/download/safer-buffer-2.1.2.tgz"
  integrity sha1-RPoWGwGHuVSd2Eu5GAL5vYOFzWo=

sax@^1.2.4:
  version "1.2.4"
  resolved "http://registry.npm.wps.cn/sax/download/sax-1.2.4.tgz"
  integrity sha1-KBYjTiN4vdxOU1T6tcqold9xANk=

semver@^5.6.0:
  version "5.7.1"
  resolved "http://registry.npm.wps.cn/semver/download/semver-5.7.1.tgz"
  integrity sha1-qVT5Ma66UI0we78Gnv8MAclhFvc=

source-map-js@^1.0.2:
  version "1.0.2"
  resolved "http://registry.npm.wps.cn/source-map-js/download/source-map-js-1.0.2.tgz"
  integrity sha1-rbw2HZxi3zgBJefxYfccgm8eSQw=

source-map@^0.6.1, source-map@~0.6.0:
  version "0.6.1"
  resolved "http://registry.npm.wps.cn/source-map/download/source-map-0.6.1.tgz"
  integrity sha1-dHIq8y6WFOnCh6jQu95IteLxomM=

sourcemap-codec@^1.4.8:
  version "1.4.8"
  resolved "http://registry.npm.wps.cn/sourcemap-codec/download/sourcemap-codec-1.4.8.tgz"
  integrity sha1-6oBL2UhXQC5pktBaOO8a41qatMQ=

style-mod@^4.0.0:
  version "4.0.0"
  resolved "http://registry.npm.wps.cn/style-mod/download/style-mod-4.0.0.tgz#97e7c2d68b592975f2ca7a63d0dd6fcacfe35a01"
  integrity sha1-l+fC1otZKXXyynpj0N1vys/jWgE=

supports-preserve-symlinks-flag@^1.0.0:
  version "1.0.0"
  resolved "http://registry.npm.wps.cn/supports-preserve-symlinks-flag/download/supports-preserve-symlinks-flag-1.0.0.tgz"
  integrity sha1-btpL00SjyUrqN21MwxvHcxEDngk=

tslib@^2.3.0:
  version "2.4.1"
  resolved "http://registry.npm.wps.cn/tslib/download/tslib-2.4.1.tgz"
  integrity sha1-DQv7qsKIC5HiLfB2jlW+l1OlsX4=

typescript@^4.6.4:
  version "4.9.3"
  resolved "http://registry.npm.wps.cn/typescript/download/typescript-4.9.3.tgz"
  integrity sha1-OuowfBdGuMOEQ12Kw2uKLlgNhds=

vite@^3.2.3:
  version "3.2.4"
  resolved "http://registry.npm.wps.cn/vite/download/vite-3.2.4.tgz"
  integrity sha1-2MeJLdQmgGTgT/++fYZiB90kFm4=
  dependencies:
    esbuild "^0.15.9"
    postcss "^8.4.18"
    resolve "^1.22.1"
    rollup "^2.79.1"
  optionalDependencies:
    fsevents "~2.3.2"

vue-codemirror@^6.1.1:
  version "6.1.1"
  resolved "http://registry.npm.wps.cn/vue-codemirror/download/vue-codemirror-6.1.1.tgz#246697ef4cfa6b2448dd592ade214bb7ff86611f"
  integrity sha1-JGaX70z6ayRI3Vkq3iFLt/+GYR8=
  dependencies:
    "@codemirror/commands" "6.x"
    "@codemirror/language" "6.x"
    "@codemirror/state" "6.x"
    "@codemirror/view" "6.x"

vue-template-compiler@^2.7.10:
  version "2.7.14"
  resolved "http://registry.npm.wps.cn/vue-template-compiler/download/vue-template-compiler-2.7.14.tgz"
  integrity sha1-RUW337iAkHRMFXeuWsP5ZOYWNLE=
  dependencies:
    de-indent "^1.0.2"
    he "^1.2.0"

vue-tsc@^1.0.9:
  version "1.0.9"
  resolved "http://registry.npm.wps.cn/vue-tsc/download/vue-tsc-1.0.9.tgz"
  integrity sha1-fTiOwwl7ycF4nVdFqXxgghevSHM=
  dependencies:
    "@volar/vue-language-core" "1.0.9"
    "@volar/vue-typescript" "1.0.9"

vue@^3.2.41:
  version "3.2.45"
  resolved "http://registry.npm.wps.cn/vue/download/vue-3.2.45.tgz"
  integrity sha1-lKEWeERH6329iSFneEYZ/vN5s8g=
  dependencies:
    "@vue/compiler-dom" "3.2.45"
    "@vue/compiler-sfc" "3.2.45"
    "@vue/runtime-dom" "3.2.45"
    "@vue/server-renderer" "3.2.45"
    "@vue/shared" "3.2.45"

w3c-keyname@^2.2.4:
  version "2.2.6"
  resolved "http://registry.npm.wps.cn/w3c-keyname/download/w3c-keyname-2.2.6.tgz#8412046116bc16c5d73d4e612053ea10a189c85f"
  integrity sha1-hBIEYRa8FsXXPU5hIFPqEKGJyF8=
